<?xml version="1.0" encoding="utf-8"?>
<Project ToolsVersion="4.0" xmlns="http://schemas.microsoft.com/developer/msbuild/2003">
  <ItemGroup>
    <Filter Include="Main">
      <UniqueIdentifier>{faa4813f-2853-40fa-aa87-0385ddc0a0e2}</UniqueIdentifier>
    </Filter>
    <Filter Include="Setting">
      <UniqueIdentifier>{24b35b88-f833-4354-95d7-4d3de7fef96f}</UniqueIdentifier>
    </Filter>
    <Filter Include="Utils">
      <UniqueIdentifier>{a6cc5954-8d54-42bb-b45f-f5d419bfbad9}</UniqueIdentifier>
    </Filter>
    <Filter Include="Core">
      <UniqueIdentifier>{f9c8c8f1-4271-4840-b169-e5b226d050ee}</UniqueIdentifier>
    </Filter>
    <Filter Include="Packet">
      <UniqueIdentifier>{1e109c58-e5b5-40f3-8385-6e374962b7a3}</UniqueIdentifier>
    </Filter>
  </ItemGroup>
  <ItemGroup>
    <ClCompile Include="UDP_MULTI_HOST.cpp">
      <Filter>Main</Filter>
    </ClCompile>
    <ClCompile Include="Utils.cpp">
      <Filter>Utils</Filter>
    </ClCompile>
    <ClCompile Include="Core.cpp">
      <Filter>Core</Filter>
    </ClCompile>
    <ClCompile Include="ProcessPacket.cpp">
      <Filter>Packet</Filter>
    </ClCompile>
  </ItemGroup>
  <ItemGroup>
    <None Include=".env">
      <Filter>Setting</Filter>
    </None>
    <None Include=".gitignore">
      <Filter>Setting</Filter>
    </None>
  </ItemGroup>
  <ItemGroup>
    <ClInclude Include="Utils.h">
      <Filter>Utils</Filter>
    </ClInclude>
    <ClInclude Include="Core.h">
      <Filter>Core</Filter>
    </ClInclude>
    <ClInclude Include="RecvPacketInfo.h">
      <Filter>Packet</Filter>
    </ClInclude>
    <ClInclude Include="ProcessPacket.h">
      <Filter>Packet</Filter>
    </ClInclude>
    <ClInclude Include="SendPackerInfo.h">
      <Filter>Packet</Filter>
    </ClInclude>
  </ItemGroup>
</Project>